
Microsoft Visual Studio Solution File, Format Version 12.00
# Visual Studio Version 17
VisualStudioVersion = 17.5.33424.131
MinimumVisualStudioVersion = 10.0.40219.1
Project("{2150E333-8FDC-42A3-9474-1A3956D46DE8}") = "Api", "Api", "{731445CE-2E3A-4C3C-A954-6CA95A566C6A}"
EndProject
Project("{2150E333-8FDC-42A3-9474-1A3956D46DE8}") = "Services", "Services", "{B05B7DE5-9FE7-49BB-860E-7E188B1C63EB}"
EndProject
Project("{2150E333-8FDC-42A3-9474-1A3956D46DE8}") = "src", "src", "{E31CFB65-839F-4AEF-968A-55D7CA5F8297}"
EndProject
Project("{2150E333-8FDC-42A3-9474-1A3956D46DE8}") = "Shared", "Shared", "{9F0117D2-ADCC-4848-8678-035E4B78EF3E}"
EndProject
Project("{2150E333-8FDC-42A3-9474-1A3956D46DE8}") = "Tests", "Tests", "{43E82FCF-6FE7-49BC-B24C-18C97F65340F}"
EndProject
Project("{2150E333-8FDC-42A3-9474-1A3956D46DE8}") = "tools", "tools", "{1F535B31-45AB-4BC6-B828-E62A11A8EC89}"
EndProject
Project("{2150E333-8FDC-42A3-9474-1A3956D46DE8}") = "docs", "docs", "{8EC66CF1-53E0-43F6-A87D-55F351B45EA8}"
EndProject
Project("{2150E333-8FDC-42A3-9474-1A3956D46DE8}") = "Private", "Private", "{AD1B3CDF-4DAC-413D-A693-5483E27AAB8B}"
EndProject
Project("{2150E333-8FDC-42A3-9474-1A3956D46DE8}") = "Public", "Public", "{8752EF94-EBB8-4328-BCA0-0FB30AFBF9F8}"
EndProject
Project("{2150E333-8FDC-42A3-9474-1A3956D46DE8}") = "Emails", "Emails", "{3380ADAB-4874-496C-B8B2-E0D20ECAF332}"
EndProject
Project("{2150E333-8FDC-42A3-9474-1A3956D46DE8}") = "Orders", "Orders", "{1E5F71F2-667F-4E46-8C8E-03BB9EE7172B}"
EndProject
Project("{2150E333-8FDC-42A3-9474-1A3956D46DE8}") = "Products", "Products", "{E7D1FA82-14A1-4F91-8E5E-3FA527DD6F51}"
EndProject
Project("{2150E333-8FDC-42A3-9474-1A3956D46DE8}") = "Subscriptions", "Subscriptions", "{F1A9C2B0-A74D-4ECB-BCEA-68A63D1FB748}"
EndProject
Project("{FAE04EC0-301F-11D3-BF4B-00C04F79EFBC}") = "Distribt.API.Private", "src\Api\Private\Distribt.API.Private\Distribt.API.Private.csproj", "{355D8F05-B917-4463-8BCA-62B906A5933D}"
EndProject
Project("{FAE04EC0-301F-11D3-BF4B-00C04F79EFBC}") = "Distribt.API.Public", "src\Api\Public\Distribt.API.Public\Distribt.API.Public.csproj", "{578C235F-7807-42CE-A23D-97FA6B67DE46}"
EndProject
Project("{FAE04EC0-301F-11D3-BF4B-00C04F79EFBC}") = "Distribt.Services.Emails", "src\Services\Emails\Distribt.Services.Emails\Distribt.Services.Emails.csproj", "{A0A7E1A0-86CC-418E-84FD-E4F6314148AD}"
EndProject
Project("{FAE04EC0-301F-11D3-BF4B-00C04F79EFBC}") = "Distribt.Services.Orders", "src\Services\Orders\Distribt.Services.Orders\Distribt.Services.Orders.csproj", "{B51042EE-8B3D-4C9A-B3EA-35C603886D4E}"
EndProject
Project("{FAE04EC0-301F-11D3-BF4B-00C04F79EFBC}") = "Distribt.Services.Products", "src\Services\Products\Distribt.Services.Products\Distribt.Services.Products.csproj", "{A9832EBA-A5C7-4CEF-9D4A-A7C9D57E87FD}"
EndProject
Project("{FAE04EC0-301F-11D3-BF4B-00C04F79EFBC}") = "Distribt.Services.Subscriptions", "src\Services\Subscriptions\Distribt.Services.Subscriptions\Distribt.Services.Subscriptions.csproj", "{5514ADC6-C310-487F-817B-0B3BF4D19351}"
EndProject
Project("{FAE04EC0-301F-11D3-BF4B-00C04F79EFBC}") = "Distribt.Shared.Api", "src\Shared\Distribt.Shared.Api\Distribt.Shared.Api.csproj", "{0108EB98-0DE9-47BB-8EE7-E9F1BE5FEF02}"
EndProject
Project("{FAE04EC0-301F-11D3-BF4B-00C04F79EFBC}") = "Distribt.Shared.Setup", "src\Shared\Distribt.Shared.Setup\Distribt.Shared.Setup.csproj", "{F68D47A4-A11E-425B-977F-0DE7EF409994}"
EndProject
Project("{2150E333-8FDC-42A3-9474-1A3956D46DE8}") = "Elementos de la solución", "Elementos de la solución", "{5069BBC9-E910-48E1-93E8-A2FF89B24D0F}"
	ProjectSection(SolutionItems) = preProject
		.gitignore = .gitignore
		README.md = README.md
	EndProjectSection
EndProject
Global
	GlobalSection(SolutionConfigurationPlatforms) = preSolution
		Debug|Any CPU = Debug|Any CPU
		Release|Any CPU = Release|Any CPU
	EndGlobalSection
	GlobalSection(ProjectConfigurationPlatforms) = postSolution
		{355D8F05-B917-4463-8BCA-62B906A5933D}.Debug|Any CPU.ActiveCfg = Debug|Any CPU
		{355D8F05-B917-4463-8BCA-62B906A5933D}.Debug|Any CPU.Build.0 = Debug|Any CPU
		{355D8F05-B917-4463-8BCA-62B906A5933D}.Release|Any CPU.ActiveCfg = Release|Any CPU
		{355D8F05-B917-4463-8BCA-62B906A5933D}.Release|Any CPU.Build.0 = Release|Any CPU
		{578C235F-7807-42CE-A23D-97FA6B67DE46}.Debug|Any CPU.ActiveCfg = Debug|Any CPU
		{578C235F-7807-42CE-A23D-97FA6B67DE46}.Debug|Any CPU.Build.0 = Debug|Any CPU
		{578C235F-7807-42CE-A23D-97FA6B67DE46}.Release|Any CPU.ActiveCfg = Release|Any CPU
		{578C235F-7807-42CE-A23D-97FA6B67DE46}.Release|Any CPU.Build.0 = Release|Any CPU
		{A0A7E1A0-86CC-418E-84FD-E4F6314148AD}.Debug|Any CPU.ActiveCfg = Debug|Any CPU
		{A0A7E1A0-86CC-418E-84FD-E4F6314148AD}.Debug|Any CPU.Build.0 = Debug|Any CPU
		{A0A7E1A0-86CC-418E-84FD-E4F6314148AD}.Release|Any CPU.ActiveCfg = Release|Any CPU
		{A0A7E1A0-86CC-418E-84FD-E4F6314148AD}.Release|Any CPU.Build.0 = Release|Any CPU
		{B51042EE-8B3D-4C9A-B3EA-35C603886D4E}.Debug|Any CPU.ActiveCfg = Debug|Any CPU
		{B51042EE-8B3D-4C9A-B3EA-35C603886D4E}.Debug|Any CPU.Build.0 = Debug|Any CPU
		{B51042EE-8B3D-4C9A-B3EA-35C603886D4E}.Release|Any CPU.ActiveCfg = Release|Any CPU
		{B51042EE-8B3D-4C9A-B3EA-35C603886D4E}.Release|Any CPU.Build.0 = Release|Any CPU
		{A9832EBA-A5C7-4CEF-9D4A-A7C9D57E87FD}.Debug|Any CPU.ActiveCfg = Debug|Any CPU
		{A9832EBA-A5C7-4CEF-9D4A-A7C9D57E87FD}.Debug|Any CPU.Build.0 = Debug|Any CPU
		{A9832EBA-A5C7-4CEF-9D4A-A7C9D57E87FD}.Release|Any CPU.ActiveCfg = Release|Any CPU
		{A9832EBA-A5C7-4CEF-9D4A-A7C9D57E87FD}.Release|Any CPU.Build.0 = Release|Any CPU
		{5514ADC6-C310-487F-817B-0B3BF4D19351}.Debug|Any CPU.ActiveCfg = Debug|Any CPU
		{5514ADC6-C310-487F-817B-0B3BF4D19351}.Debug|Any CPU.Build.0 = Debug|Any CPU
		{5514ADC6-C310-487F-817B-0B3BF4D19351}.Release|Any CPU.ActiveCfg = Release|Any CPU
		{5514ADC6-C310-487F-817B-0B3BF4D19351}.Release|Any CPU.Build.0 = Release|Any CPU
		{0108EB98-0DE9-47BB-8EE7-E9F1BE5FEF02}.Debug|Any CPU.ActiveCfg = Debug|Any CPU
		{0108EB98-0DE9-47BB-8EE7-E9F1BE5FEF02}.Debug|Any CPU.Build.0 = Debug|Any CPU
		{0108EB98-0DE9-47BB-8EE7-E9F1BE5FEF02}.Release|Any CPU.ActiveCfg = Release|Any CPU
		{0108EB98-0DE9-47BB-8EE7-E9F1BE5FEF02}.Release|Any CPU.Build.0 = Release|Any CPU
		{F68D47A4-A11E-425B-977F-0DE7EF409994}.Debug|Any CPU.ActiveCfg = Debug|Any CPU
		{F68D47A4-A11E-425B-977F-0DE7EF409994}.Debug|Any CPU.Build.0 = Debug|Any CPU
		{F68D47A4-A11E-425B-977F-0DE7EF409994}.Release|Any CPU.ActiveCfg = Release|Any CPU
		{F68D47A4-A11E-425B-977F-0DE7EF409994}.Release|Any CPU.Build.0 = Release|Any CPU
	EndGlobalSection
	GlobalSection(SolutionProperties) = preSolution
		HideSolutionNode = FALSE
	EndGlobalSection
	GlobalSection(NestedProjects) = preSolution
		{731445CE-2E3A-4C3C-A954-6CA95A566C6A} = {E31CFB65-839F-4AEF-968A-55D7CA5F8297}
		{B05B7DE5-9FE7-49BB-860E-7E188B1C63EB} = {E31CFB65-839F-4AEF-968A-55D7CA5F8297}
		{9F0117D2-ADCC-4848-8678-035E4B78EF3E} = {E31CFB65-839F-4AEF-968A-55D7CA5F8297}
		{43E82FCF-6FE7-49BC-B24C-18C97F65340F} = {E31CFB65-839F-4AEF-968A-55D7CA5F8297}
		{AD1B3CDF-4DAC-413D-A693-5483E27AAB8B} = {731445CE-2E3A-4C3C-A954-6CA95A566C6A}
		{8752EF94-EBB8-4328-BCA0-0FB30AFBF9F8} = {731445CE-2E3A-4C3C-A954-6CA95A566C6A}
		{3380ADAB-4874-496C-B8B2-E0D20ECAF332} = {B05B7DE5-9FE7-49BB-860E-7E188B1C63EB}
		{1E5F71F2-667F-4E46-8C8E-03BB9EE7172B} = {B05B7DE5-9FE7-49BB-860E-7E188B1C63EB}
		{E7D1FA82-14A1-4F91-8E5E-3FA527DD6F51} = {B05B7DE5-9FE7-49BB-860E-7E188B1C63EB}
		{F1A9C2B0-A74D-4ECB-BCEA-68A63D1FB748} = {B05B7DE5-9FE7-49BB-860E-7E188B1C63EB}
		{355D8F05-B917-4463-8BCA-62B906A5933D} = {AD1B3CDF-4DAC-413D-A693-5483E27AAB8B}
		{578C235F-7807-42CE-A23D-97FA6B67DE46} = {8752EF94-EBB8-4328-BCA0-0FB30AFBF9F8}
		{A0A7E1A0-86CC-418E-84FD-E4F6314148AD} = {3380ADAB-4874-496C-B8B2-E0D20ECAF332}
		{B51042EE-8B3D-4C9A-B3EA-35C603886D4E} = {1E5F71F2-667F-4E46-8C8E-03BB9EE7172B}
		{A9832EBA-A5C7-4CEF-9D4A-A7C9D57E87FD} = {E7D1FA82-14A1-4F91-8E5E-3FA527DD6F51}
		{5514ADC6-C310-487F-817B-0B3BF4D19351} = {F1A9C2B0-A74D-4ECB-BCEA-68A63D1FB748}
		{0108EB98-0DE9-47BB-8EE7-E9F1BE5FEF02} = {9F0117D2-ADCC-4848-8678-035E4B78EF3E}
		{F68D47A4-A11E-425B-977F-0DE7EF409994} = {9F0117D2-ADCC-4848-8678-035E4B78EF3E}
	EndGlobalSection
	GlobalSection(ExtensibilityGlobals) = postSolution
		SolutionGuid = {754EFBA8-BD26-4124-9645-45CE09AACBD6}
	EndGlobalSection
EndGlobal
